// !$*UTF8*$!
{
	archiveVersion = 1;
	classes = {
	};
	objectVersion = 48;
	objects = {

/* Begin PBXBuildFile section */
		8E4E9CFC1F7AE65C00F8059C /* AppDelegate.swift in Sources */ = {isa = PBXBuildFile; fileRef = 8E4E9CFB1F7AE65C00F8059C /* AppDelegate.swift */; };
		8E4E9CFE1F7AE65C00F8059C /* ViewController.swift in Sources */ = {isa = PBXBuildFile; fileRef = 8E4E9CFD1F7AE65C00F8059C /* ViewController.swift */; };
		8E4E9D011F7AE65C00F8059C /* Main.storyboard in Resources */ = {isa = PBXBuildFile; fileRef = 8E4E9CFF1F7AE65C00F8059C /* Main.storyboard */; };
		8E4E9D031F7AE65C00F8059C /* Assets.xcassets in Resources */ = {isa = PBXBuildFile; fileRef = 8E4E9D021F7AE65C00F8059C /* Assets.xcassets */; };
		8E4E9D061F7AE65C00F8059C /* LaunchScreen.storyboard in Resources */ = {isa = PBXBuildFile; fileRef = 8E4E9D041F7AE65C00F8059C /* LaunchScreen.storyboard */; };
/* End PBXBuildFile section */

/* Begin PBXFileReference section */
		8E4E9CF81F7AE65C00F8059C /* AVPlayerMP3Play.app */ = {isa = PBXFileReference; explicitFileType = wrapper.application; includeInIndex = 0; path = AVPlayerMP3Play.app; sourceTree = BUILT_PRODUCTS_DIR; };
		8E4E9CFB1F7AE65C00F8059C /* AppDelegate.swift */ = {isa = PBXFileReference; lastKnownFileType = sourcecode.swift; path = AppDelegate.swift; sourceTree = "<group>"; };
		8E4E9CFD1F7AE65C00F8059C /* ViewController.swift */ = {isa = PBXFileReference; lastKnownFileType = sourcecode.swift; path = ViewController.swift; sourceTree = "<group>"; };
		8E4E9D001F7AE65C00F8059C /* Base */ = {isa = PBXFileReference; lastKnownFileType = file.storyboard; name = Base; path = Base.lproj/Main.storyboard; sourceTree = "<group>"; };
		8E4E9D021F7AE65C00F8059C /* Assets.xcassets */ = {isa = PBXFileReference; lastKnownFileType = folder.assetcatalog; path = Assets.xcassets; sourceTree = "<group>"; };
		8E4E9D051F7AE65C00F8059C /* Base */ = {isa = PBXFileReference; lastKnownFileType = file.storyboard; name = Base; path = Base.lproj/LaunchScreen.storyboard; sourceTree = "<group>"; };
		8E4E9D071F7AE65C00F8059C /* Info.plist */ = {isa = PBXFileReference; lastKnownFileType = text.plist.xml; path = Info.plist; sourceTree = "<group>"; };
/* End PBXFileReference section */

/* Begin PBXFrameworksBuildPhase section */
		8E4E9CF51F7AE65C00F8059C /* Frameworks */ = {
			isa = PBXFrameworksBuildPhase;
			buildActionMask = 2147483647;
			files = (
			);
			runOnlyForDeploymentPostprocessing = 0;
		};
/* End PBXFrameworksBuildPhase section */

/* Begin PBXGroup section */
		8E4E9CEF1F7AE65C00F8059C = {
			isa = PBXGroup;
			children = (
				8E4E9CFA1F7AE65C00F8059C /* AVPlayerMP3Play */,
				8E4E9CF91F7AE65C00F8059C /* Products */,
			);
			sourceTree = "<group>";
		};
		8E4E9CF91F7AE65C00F8059C /* Products */ = {
			isa = PBXGroup;
			children = (
				8E4E9CF81F7AE65C00F8059C /* AVPlayerMP3Play.app */,
			);
			name = Products;
			sourceTree = "<group>";
		};
		8E4E9CFA1F7AE65C00F8059C /* AVPlayerMP3Play */ = {
			isa = PBXGroup;
			children = (
				8E4E9CFB1F7AE65C00F8059C /* AppDelegate.swift */,
				8E4E9CFD1F7AE65C00F8059C /* ViewController.swift */,
				8E4E9CFF1F7AE65C00F8059C /* Main.storyboard */,
				8E4E9D021F7AE65C00F8059C /* Assets.xcassets */,
				8E4E9D041F7AE65C00F8059C /* LaunchScreen.storyboard */,
				8E4E9D071F7AE65C00F8059C /* Info.plist */,
			);
			path = AVPlayerMP3Play;
			sourceTree = "<group>";
		};
/* End PBXGroup section */

/* Begin PBXNativeTarget section */
		8E4E9CF71F7AE65C00F8059C /* AVPlayerMP3Play */ = {
			isa = PBXNativeTarget;
			buildConfigurationList = 8E4E9D0A1F7AE65C00F8059C /* Build configuration list for PBXNativeTarget "AVPlayerMP3Play" */;
			buildPhases = (
				8E4E9CF41F7AE65C00F8059C /* Sources */,
				8E4E9CF51F7AE65C00F8059C /* Frameworks */,
				8E4E9CF61F7AE65C00F8059C /* Resources */,
			);
			buildRules = (
			);
			dependencies = (
			);
			name = AVPlayerMP3Play;
			productName = AVPlayerMP3Play;
			productReference = 8E4E9CF81F7AE65C00F8059C /* AVPlayerMP3Play.app */;
			productType = "com.apple.product-type.application";
		};
/* End PBXNativeTarget section */

/* Begin PBXProject section */
		8E4E9CF01F7AE65C00F8059C /* Project object */ = {
			isa = PBXProject;
			attributes = {
				LastSwiftUpdateCheck = 0900;
				LastUpgradeCheck = 0900;
				ORGANIZATIONNAME = "Bharath R";
				TargetAttributes = {
					8E4E9CF71F7AE65C00F8059C = {
						CreatedOnToolsVersion = 9.0;
						ProvisioningStyle = Automatic;
					};
				};
			};
			buildConfigurationList = 8E4E9CF31F7AE65C00F8059C /* Build configuration list for PBXProject "AVPlayerMP3Play" */;
			compatibilityVersion = "Xcode 8.0";
			developmentRegion = en;
			hasScannedForEncodings = 0;
			knownRegions = (
				en,
				Base,
			);
			mainGroup = 8E4E9CEF1F7AE65C00F8059C;
			productRefGroup = 8E4E9CF91F7AE65C00F8059C /* Products */;
			projectDirPath = "";
			projectRoot = "";
			targets = (
				8E4E9CF71F7AE65C00F8059C /* AVPlayerMP3Play */,
			);
		};
/* End PBXProject section */

/* Begin PBXResourcesBuildPhase section */
		8E4E9CF61F7AE65C00F8059C /* Resources */ = {
			isa = PBXResourcesBuildPhase;
			buildActionMask = 2147483647;
			files = (
				8E4E9D061F7AE65C00F8059C /* LaunchScreen.storyboard in Resources */,
				8E4E9D031F7AE65C00F8059C /* Assets.xcassets in Resources */,
				8E4E9D011F7AE65C00F8059C /* Main.storyboard in Resources */,
			);
			runOnlyForDeploymentPostprocessing = 0;
		};
/* End PBXResourcesBuildPhase section */

/* Begin PBXSourcesBuildPhase section */
		8E4E9CF41F7AE65C00F8059C /* Sources */ = {
			isa = PBXSourcesBuildPhase;
			buildActionMask = 2147483647;
			files = (
				8E4E9CFE1F7AE65C00F8059C /* ViewController.swift in Sources */,
				8E4E9CFC1F7AE65C00F8059C /* AppDelegate.swift in Sources */,
			);
			runOnlyForDeploymentPostprocessing = 0;
		};
/* End PBXSourcesBuildPhase section */

/* Begin PBXVariantGroup section */
		8E4E9CFF1F7AE65C00F8059C /* Main.storyboard */ = {
			isa = PBXVariantGroup;
			children = (
				8E4E9D001F7AE65C00F8059C /* Base */,
			);
			name = Main.storyboard;
			sourceTree = "<group>";
		};
		8E4E9D041F7AE65C00F8059C /* LaunchScreen.storyboard */ = {
			isa = PBXVariantGroup;
			children = (
				8E4E9D051F7AE65C00F8059C /* Base */,
			);
			name = LaunchScreen.storyboard;
			sourceTree = "<group>";
		};
/* End PBXVariantGroup section */

/* Begin XCBuildConfiguration section */
		8E4E9D081F7AE65C00F8059C /* Debug */ = {
			isa = XCBuildConfiguration;
			buildSettings = {
				ALWAYS_SEARCH_USER_PATHS = NO;
				CLANG_ANALYZER_NONNULL = YES;
				CLANG_ANALYZER_NUMBER_OBJECT_CONVERSION = YES_AGGRESSIVE;
				CLANG_CXX_LANGUAGE_STANDARD = "gnu++14";
				CLANG_CXX_LIBRARY = "libc++";
				CLANG_ENABLE_MODULES = YES;
				CLANG_ENABLE_OBJC_ARC = YES;
				CLANG_WARN_BLOCK_CAPTURE_AUTORELEASING = YES;
				CLANG_WARN_BOOL_CONVERSION = YES;
				CLANG_WARN_COMMA = YES;
				CLANG_WARN_CONSTANT_CONVERSION = YES;
				CLANG_WARN_DIRECT_OBJC_ISA_USAGE = YES_ERROR;
				CLANG_WARN_DOCUMENTATION_COMMENTS = YES;
				CLANG_WARN_EMPTY_BODY = YES;
				CLANG_WARN_ENUM_CONVERSION = YES;
				CLANG_WARN_INFINITE_RECURSION = YES;
				CLANG_WARN_INT_CONVERSION = YES;
				CLANG_WARN_NON_LITERAL_NULL_CONVERSION = YES;
				CLANG_WARN_OBJC_LITERAL_CONVERSION = YES;
				CLANG_WARN_OBJC_ROOT_CLASS = YES_ERROR;
				CLANG_WARN_RANGE_LOOP_ANALYSIS = YES;
				CLANG_WARN_STRICT_PROTOTYPES = YES;
				CLANG_WARN_SUSPICIOUS_MOVE = YES;
				CLANG_WARN_UNGUARDED_AVAILABILITY = YES_AGGRESSIVE;
				CLANG_WARN_UNREACHABLE_CODE = YES;
				CLANG_WARN__DUPLICATE_METHOD_MATCH = YES;
				CODE_SIGN_IDENTITY = "iPhone Developer";
				COPY_PHASE_STRIP = NO;
				DEBUG_INFORMATION_FORMAT = dwarf;
				ENABLE_STRICT_OBJC_MSGSEND = YES;
				ENABLE_TESTABILITY = YES;
				GCC_C_LANGUAGE_STANDARD = gnu11;
				GCC_DYNAMIC_NO_PIC = NO;
				GCC_NO_COMMON_BLOCKS = YES;
				GCC_OPTIMIZATION_LEVEL = 0;
				GCC_PREPROCESSOR_DEFINITIONS = (
					"DEBUG=1",
					"$(inherited)",
				);
				GCC_WARN_64_TO_32_BIT_CONVERSION = YES;
				GCC_WARN_ABOUT_RETURN_TYPE = YES_ERROR;
				GCC_WARN_UNDECLARED_SELECTOR = YES;
				GCC_WARN_UNINITIALIZED_AUTOS = YES_AGGRESSIVE;
				GCC_WARN_UNUSED_FUNCTION = YES;
				GCC_WARN_UNUSED_VARIABLE = YES;
				IPHONEOS_DEPLOYMENT_TARGET = 11.0;
				MTL_ENABLE_DEBUG_INFO = YES;
				ONLY_ACTIVE_ARCH = YES;
				SDKROOT = iphoneos;
				SWIFT_ACTIVE_COMPILATION_CONDITIONS = DEBUG;
				SWIFT_OPTIMIZATION_LEVEL = "-Onone";
			};
			name = Debug;
		};
		8E4E9D091F7AE65C00F8059C /* Release */ = {
			isa = XCBuildConfiguration;
			buildSettings = {
				ALWAYS_SEARCH_USER_PATHS = NO;
				CLANG_ANALYZER_NONNULL = YES;
				CLANG_ANALYZER_NUMBER_OBJECT_CONVERSION = YES_AGGRESSIVE;
				CLANG_CXX_LANGUAGE_STANDARD = "gnu++14";
				CLANG_CXX_LIBRARY = "libc++";
				CLANG_ENABLE_MODULES = YES;
				CLANG_ENABLE_OBJC_ARC = YES;
				CLANG_WARN_BLOCK_CAPTURE_AUTORELEASING = YES;
				CLANG_WARN_BOOL_CONVERSION = YES;
				CLANG_WARN_COMMA = YES;
				CLANG_WARN_CONSTANT_CONVERSION = YES;
				CLANG_WARN_DIRECT_OBJC_ISA_USAGE = YES_ERROR;
				CLANG_WARN_DOCUMENTATION_COMMENTS = YES;
				CLANG_WARN_EMPTY_BODY = YES;
				CLANG_WARN_ENUM_CONVERSION = YES;
				CLANG_WARN_INFINITE_RECURSION = YES;
				CLANG_WARN_INT_CONVERSION = YES;
				CLANG_WARN_NON_LITERAL_NULL_CONVERSION = YES;
				CLANG_WARN_OBJC_LITERAL_CONVERSION = YES;
				CLANG_WARN_OBJC_ROOT_CLASS = YES_ERROR;
				CLANG_WARN_RANGE_LOOP_ANALYSIS = YES;
				CLANG_WARN_STRICT_PROTOTYPES = YES;
				CLANG_WARN_SUSPICIOUS_MOVE = YES;
				CLANG_WARN_UNGUARDED_AVAILABILITY = YES_AGGRESSIVE;
				CLANG_WARN_UNREACHABLE_CODE = YES;
				CLANG_WARN__DUPLICATE_METHOD_MATCH = YES;
				CODE_SIGN_IDENTITY = "iPhone Developer";
				COPY_PHASE_STRIP = NO;
				DEBUG_INFORMATION_FORMAT = "dwarf-with-dsym";
				ENABLE_NS_ASSERTIONS = NO;
				ENABLE_STRICT_OBJC_MSGSEND = YES;
				GCC_C_LANGUAGE_STANDARD = gnu11;
				GCC_NO_COMMON_BLOCKS = YES;
				GCC_WARN_64_TO_32_BIT_CONVERSION = YES;
				GCC_WARN_ABOUT_RETURN_TYPE = YES_ERROR;
				GCC_WARN_UNDECLARED_SELECTOR = YES;
				GCC_WARN_UNINITIALIZED_AUTOS = YES_AGGRESSIVE;
				GCC_WARN_UNUSED_FUNCTION = YES;
				GCC_WARN_UNUSED_VARIABLE = YES;
				IPHONEOS_DEPLOYMENT_TARGET = 11.0;
				MTL_ENABLE_DEBUG_INFO = NO;
				SDKROOT = iphoneos;
				SWIFT_OPTIMIZATION_LEVEL = "-Owholemodule";
				VALIDATE_PRODUCT = YES;
			};
			name = Release;
		};
		8E4E9D0B1F7AE65C00F8059C /* Debug */ = {
			isa = XCBuildConfiguration;
			buildSettings = {
				ASSETCATALOG_COMPILER_APPICON_NAME = AppIcon;
				CODE_SIGN_STYLE = Automatic;
				DEVELOPMENT_TEAM = 7RY4395852;
				INFOPLIST_FILE = AVPlayerMP3Play/Info.plist;
				LD_RUNPATH_SEARCH_PATHS = "$(inherited) @executable_path/Frameworks";
				PRODUCT_BUNDLE_IDENTIFIER = com.eco.AVPlayerMP3Play;
				PRODUCT_NAME = "$(TARGET_NAME)";
				SWIFT_VERSION = 4.0;
				TARGETED_DEVICE_FAMILY = "1,2";
			};
			name = Debug;
		};
		8E4E9D0C1F7AE65C00F8059C /* Release */ = {
			isa = XCBuildConfiguration;
			buildSettings = {
				ASSETCATALOG_COMPILER_APPICON_NAME = AppIcon;
				CODE_SIGN_STYLE = Automatic;
				DEVELOPMENT_TEAM = 7RY4395852;
				INFOPLIST_FILE = AVPlayerMP3Play/Info.plist;
				LD_RUNPATH_SEARCH_PATHS = "$(inherited) @executable_path/Frameworks";
				PRODUCT_BUNDLE_IDENTIFIER = com.eco.AVPlayerMP3Play;
				PRODUCT_NAME = "$(TARGET_NAME)";
				SWIFT_VERSION = 4.0;
				TARGETED_DEVICE_FAMILY = "1,2";
			};
			name = Release;
		};
/* End XCBuildConfiguration section */

/* Begin XCConfigurationList section */
		8E4E9CF31F7AE65C00F8059C /* Build configuration list for PBXProject "AVPlayerMP3Play" */ = {
			isa = XCConfigurationList;
			buildConfigurations = (
				8E4E9D081F7AE65C00F8059C /* Debug */,
				8E4E9D091F7AE65C00F8059C /* Release */,
			);
			defaultConfigurationIsVisible = 0;
			defaultConfigurationName = Release;
		};
		8E4E9D0A1F7AE65C00F8059C /* Build configuration list for PBXNativeTarget "AVPlayerMP3Play" */ = {
			isa = XCConfigurationList;
			buildConfigurations = (
				8E4E9D0B1F7AE65C00F8059C /* Debug */,
				8E4E9D0C1F7AE65C00F8059C /* Release */,
			);
			defaultConfigurationIsVisible = 0;
			defaultConfigurationName = Release;
		};
/* End XCConfigurationList section */
	};
	rootObject = 8E4E9CF01F7AE65C00F8059C /* Project object */;
}
